<?xml version="1.0" encoding="utf-8"?>
<Project ToolsVersion="4.0" xmlns="http://schemas.microsoft.com/developer/msbuild/2003">
  <ItemGroup>
    <Filter Include="源文件">
      <UniqueIdentifier>{4FC737F1-C7A5-4376-A066-2A32D752A2FF}</UniqueIdentifier>
      <Extensions>cpp;c;cc;cxx;c++;cppm;ixx;def;odl;idl;hpj;bat;asm;asmx</Extensions>
    </Filter>
    <Filter Include="头文件">
      <UniqueIdentifier>{93995380-89BD-4b04-88EB-625FBE52EBFB}</UniqueIdentifier>
      <Extensions>h;hh;hpp;hxx;h++;hm;inl;inc;ipp;xsd</Extensions>
    </Filter>
    <Filter Include="资源文件">
      <UniqueIdentifier>{67DA6AB6-F800-4c08-8B7A-83BB121AAD01}</UniqueIdentifier>
      <Extensions>rc;ico;cur;bmp;dlg;rc2;rct;bin;rgs;gif;jpg;jpeg;jpe;resx;tiff;tif;png;wav;mfcribbon-ms</Extensions>
    </Filter>
    <Filter Include="QuickLib">
      <UniqueIdentifier>{344dcb87-7bbc-4c08-94f9-351bf6d75aa2}</UniqueIdentifier>
    </Filter>
    <Filter Include="QuickLib\kEncrypt">
      <UniqueIdentifier>{66794cc9-4236-44ec-94c7-ec3f95cef7bb}</UniqueIdentifier>
    </Filter>
    <Filter Include="QuickLib\kEncrypt\implement">
      <UniqueIdentifier>{26789976-875d-48f8-905d-217c897d7e67}</UniqueIdentifier>
    </Filter>
    <Filter Include="QuickLib\kString">
      <UniqueIdentifier>{8375a08b-b37e-4c98-8317-b393237deefa}</UniqueIdentifier>
    </Filter>
  </ItemGroup>
  <ItemGroup>
    <ClCompile Include="main.cpp">
      <Filter>源文件</Filter>
    </ClCompile>
    <ClCompile Include="QuickLib\kEncrypt\base64.cpp">
      <Filter>QuickLib\kEncrypt</Filter>
    </ClCompile>
    <ClCompile Include="QuickLib\kEncrypt\md5.cpp">
      <Filter>QuickLib\kEncrypt</Filter>
    </ClCompile>
    <ClCompile Include="QuickLib\kEncrypt\implement\md5encrypt.cpp">
      <Filter>QuickLib\kEncrypt\implement</Filter>
    </ClCompile>
    <ClCompile Include="QuickLib\kString\kString.cpp">
      <Filter>QuickLib\kString</Filter>
    </ClCompile>
  </ItemGroup>
  <ItemGroup>
    <ClInclude Include="QuickLib\kEncrypt\base64.h">
      <Filter>QuickLib\kEncrypt</Filter>
    </ClInclude>
    <ClInclude Include="QuickLib\kEncrypt\md5.h">
      <Filter>QuickLib\kEncrypt</Filter>
    </ClInclude>
    <ClInclude Include="QuickLib\kEncrypt\implement\md5encrypt.h">
      <Filter>QuickLib\kEncrypt\implement</Filter>
    </ClInclude>
    <ClInclude Include="QuickLib\kString\kString.h">
      <Filter>QuickLib\kString</Filter>
    </ClInclude>
    <ClInclude Include="QuickLib\encrypt.h">
      <Filter>QuickLib</Filter>
    </ClInclude>
    <ClInclude Include="QuickLib\quicklib.h">
      <Filter>QuickLib</Filter>
    </ClInclude>
    <ClInclude Include="QuickLib\string.h">
      <Filter>QuickLib</Filter>
    </ClInclude>
  </ItemGroup>
  <ItemGroup>
    <None Include="QuickLib\kString\kString.tpp">
      <Filter>QuickLib\kString</Filter>
    </None>
  </ItemGroup>
</Project>